Microsoft Visual Studio Solution File, Format Version 12.00
# Visual Studio Version 17
VisualStudioVersion = 17.5.2.0
MinimumVisualStudioVersion = 10.0.40219.1
Project("{FAE04EC0-301F-11D3-BF4B-00C04F79EFBC}") = "InsuranceManagement.Web", "InsuranceManagement.Web.csproj", "{9ABE2198-969D-CAB9-C39A-B790EC80D506}"
EndProject
Global
	GlobalSection(SolutionConfigurationPlatforms) = preSolution
		Debug|Any CPU = Debug|Any CPU
		Release|Any CPU = Release|Any CPU
	EndGlobalSection
	GlobalSection(ProjectConfigurationPlatforms) = postSolution
		{9ABE2198-969D-CAB9-C39A-B790EC80D506}.Debug|Any CPU.ActiveCfg = Debug|Any CPU
		{9ABE2198-969D-CAB9-C39A-B790EC80D506}.Debug|Any CPU.Build.0 = Debug|Any CPU
		{9ABE2198-969D-CAB9-C39A-B790EC80D506}.Release|Any CPU.ActiveCfg = Release|Any CPU
		{9ABE2198-969D-CAB9-C39A-B790EC80D506}.Release|Any CPU.Build.0 = Release|Any CPU
	EndGlobalSection
	GlobalSection(SolutionProperties) = preSolution
		HideSolutionNode = FALSE
	EndGlobalSection
	GlobalSection(ExtensibilityGlobals) = postSolution
		SolutionGuid = {472E5FA9-ACA6-4912-AC29-732019BDEBEC}
	EndGlobalSection
EndGlobal
